
Microsoft Visual Studio Solution File, Format Version 12.00
# Visual Studio Version 16
VisualStudioVersion = 16.0.29209.62
MinimumVisualStudioVersion = 10.0.40219.1
Project("{FAE04EC0-301F-11D3-BF4B-00C04F79EFBC}") = "DockerJenkinsTest", "DockerJenkinsTest\DockerJenkinsTest.csproj", "{B1508254-A5BB-4CFF-8BAA-27B3369F1FDD}"
EndProject
Project("{FAE04EC0-301F-11D3-BF4B-00C04F79EFBC}") = "DockerJenkinsTests.UnitTests", "DockerJenkinsTests.UnitTests\DockerJenkinsTests.UnitTests.csproj", "{7D9E11DA-B9F4-4CB2-9183-F72D178BDFC1}"
EndProject
Global
	GlobalSection(SolutionConfigurationPlatforms) = preSolution
		Debug|Any CPU = Debug|Any CPU
		Release|Any CPU = Release|Any CPU
	EndGlobalSection
	GlobalSection(ProjectConfigurationPlatforms) = postSolution
		{B1508254-A5BB-4CFF-8BAA-27B3369F1FDD}.Debug|Any CPU.ActiveCfg = Debug|Any CPU
		{B1508254-A5BB-4CFF-8BAA-27B3369F1FDD}.Debug|Any CPU.Build.0 = Debug|Any CPU
		{B1508254-A5BB-4CFF-8BAA-27B3369F1FDD}.Release|Any CPU.ActiveCfg = Release|Any CPU
		{B1508254-A5BB-4CFF-8BAA-27B3369F1FDD}.Release|Any CPU.Build.0 = Release|Any CPU
		{7D9E11DA-B9F4-4CB2-9183-F72D178BDFC1}.Debug|Any CPU.ActiveCfg = Debug|Any CPU
		{7D9E11DA-B9F4-4CB2-9183-F72D178BDFC1}.Debug|Any CPU.Build.0 = Debug|Any CPU
		{7D9E11DA-B9F4-4CB2-9183-F72D178BDFC1}.Release|Any CPU.ActiveCfg = Release|Any CPU
		{7D9E11DA-B9F4-4CB2-9183-F72D178BDFC1}.Release|Any CPU.Build.0 = Release|Any CPU
	EndGlobalSection
	GlobalSection(SolutionProperties) = preSolution
		HideSolutionNode = FALSE
	EndGlobalSection
	GlobalSection(ExtensibilityGlobals) = postSolution
		SolutionGuid = {32CD0109-F6DD-4B6E-892D-9D4CDEC74166}
	EndGlobalSection
EndGlobal
